// !$*UTF8*$!
{
	archiveVersion = 1;
	classes = {
	};
	objectVersion = 51;
	objects = {

/* Begin PBXBuildFile section */
		1ABAF6D82385C96A003162A0 /* AppDelegate.swift in Sources */ = {isa = PBXBuildFile; fileRef = 1ABAF6D72385C96A003162A0 /* AppDelegate.swift */; };
		1ABAF6DA2385C96A003162A0 /* SceneDelegate.swift in Sources */ = {isa = PBXBuildFile; fileRef = 1ABAF6D92385C96A003162A0 /* SceneDelegate.swift */; };
		1ABAF6DF2385C96A003162A0 /* Main.storyboard in Resources */ = {isa = PBXBuildFile; fileRef = 1ABAF6DD2385C96A003162A0 /* Main.storyboard */; };
		1ABAF6E12385C96B003162A0 /* Assets.xcassets in Resources */ = {isa = PBXBuildFile; fileRef = 1ABAF6E02385C96B003162A0 /* Assets.xcassets */; };
		1ABAF6E42385C96B003162A0 /* LaunchScreen.storyboard in Resources */ = {isa = PBXBuildFile; fileRef = 1ABAF6E22385C96B003162A0 /* LaunchScreen.storyboard */; };
		1ABAF6EF2385C96B003162A0 /* CC_AssesmentTests.swift in Sources */ = {isa = PBXBuildFile; fileRef = 1ABAF6EE2385C96B003162A0 /* CC_AssesmentTests.swift */; };
		1ABAF7062385CD3E003162A0 /* WeatherViewController.swift in Sources */ = {isa = PBXBuildFile; fileRef = 1ABAF7052385CD3E003162A0 /* WeatherViewController.swift */; };
		1ABAF7082385CD4E003162A0 /* ResturantViewController.swift in Sources */ = {isa = PBXBuildFile; fileRef = 1ABAF7072385CD4E003162A0 /* ResturantViewController.swift */; };
		1ABAF70C2385D024003162A0 /* WeatherViewModel.swift in Sources */ = {isa = PBXBuildFile; fileRef = 1ABAF70B2385D024003162A0 /* WeatherViewModel.swift */; };
		1ABAF70E2385D02F003162A0 /* WeatherService.swift in Sources */ = {isa = PBXBuildFile; fileRef = 1ABAF70D2385D02F003162A0 /* WeatherService.swift */; };
		1ABAF7102385D03F003162A0 /* WeatherBuilder.swift in Sources */ = {isa = PBXBuildFile; fileRef = 1ABAF70F2385D03F003162A0 /* WeatherBuilder.swift */; };
		1ABAF7122385D051003162A0 /* ResturantBuilder.swift in Sources */ = {isa = PBXBuildFile; fileRef = 1ABAF7112385D051003162A0 /* ResturantBuilder.swift */; };
		1ABAF7142385D05E003162A0 /* ResturantService.swift in Sources */ = {isa = PBXBuildFile; fileRef = 1ABAF7132385D05E003162A0 /* ResturantService.swift */; };
		1ABAF7162385D06E003162A0 /* ResturantViewModel.swift in Sources */ = {isa = PBXBuildFile; fileRef = 1ABAF7152385D06E003162A0 /* ResturantViewModel.swift */; };
		1ABAF7182385D086003162A0 /* ApiClient.swift in Sources */ = {isa = PBXBuildFile; fileRef = 1ABAF7172385D086003162A0 /* ApiClient.swift */; };
		1ABAF71A2385D095003162A0 /* RequestBuilder.swift in Sources */ = {isa = PBXBuildFile; fileRef = 1ABAF7192385D095003162A0 /* RequestBuilder.swift */; };
		1ABAF71D2385D1B4003162A0 /* ApiConstants.swift in Sources */ = {isa = PBXBuildFile; fileRef = 1ABAF71C2385D1B4003162A0 /* ApiConstants.swift */; };
		1ABAF71F2385D2F3003162A0 /* WeatherRoute.swift in Sources */ = {isa = PBXBuildFile; fileRef = 1ABAF71E2385D2F3003162A0 /* WeatherRoute.swift */; };
		1ABAF7212385D303003162A0 /* ResturantRoute.swift in Sources */ = {isa = PBXBuildFile; fileRef = 1ABAF7202385D303003162A0 /* ResturantRoute.swift */; };
		1ABAF7D22386F999003162A0 /* ResturantDTO.swift in Sources */ = {isa = PBXBuildFile; fileRef = 1ABAF7D12386F999003162A0 /* ResturantDTO.swift */; };
		1ABAF7D523871C32003162A0 /* ResturantTableViewCell.swift in Sources */ = {isa = PBXBuildFile; fileRef = 1ABAF7D423871C32003162A0 /* ResturantTableViewCell.swift */; };
		1ABAF7D7238728F0003162A0 /* ResturantCellViewModel.swift in Sources */ = {isa = PBXBuildFile; fileRef = 1ABAF7D6238728F0003162A0 /* ResturantCellViewModel.swift */; };
		2B313501536FA6E058A9AEB5 /* Pods_CC_Assesment.framework in Frameworks */ = {isa = PBXBuildFile; fileRef = CC3FBCCAFBD7997522E5535D /* Pods_CC_Assesment.framework */; };
/* End PBXBuildFile section */

/* Begin PBXContainerItemProxy section */
		1ABAF6EB2385C96B003162A0 /* PBXContainerItemProxy */ = {
			isa = PBXContainerItemProxy;
			containerPortal = 1ABAF6CC2385C96A003162A0 /* Project object */;
			proxyType = 1;
			remoteGlobalIDString = 1ABAF6D32385C96A003162A0;
			remoteInfo = "CC Assesment";
		};
/* End PBXContainerItemProxy section */

/* Begin PBXFileReference section */
		1ABAF6D42385C96A003162A0 /* CC Assesment.app */ = {isa = PBXFileReference; explicitFileType = wrapper.application; includeInIndex = 0; path = "CC Assesment.app"; sourceTree = BUILT_PRODUCTS_DIR; };
		1ABAF6D72385C96A003162A0 /* AppDelegate.swift */ = {isa = PBXFileReference; lastKnownFileType = sourcecode.swift; path = AppDelegate.swift; sourceTree = "<group>"; };
		1ABAF6D92385C96A003162A0 /* SceneDelegate.swift */ = {isa = PBXFileReference; lastKnownFileType = sourcecode.swift; path = SceneDelegate.swift; sourceTree = "<group>"; };
		1ABAF6DE2385C96A003162A0 /* Base */ = {isa = PBXFileReference; lastKnownFileType = file.storyboard; name = Base; path = Base.lproj/Main.storyboard; sourceTree = "<group>"; };
		1ABAF6E02385C96B003162A0 /* Assets.xcassets */ = {isa = PBXFileReference; lastKnownFileType = folder.assetcatalog; path = Assets.xcassets; sourceTree = "<group>"; };
		1ABAF6E32385C96B003162A0 /* Base */ = {isa = PBXFileReference; lastKnownFileType = file.storyboard; name = Base; path = Base.lproj/LaunchScreen.storyboard; sourceTree = "<group>"; };
		1ABAF6E52385C96B003162A0 /* Info.plist */ = {isa = PBXFileReference; lastKnownFileType = text.plist.xml; path = Info.plist; sourceTree = "<group>"; };
		1ABAF6EA2385C96B003162A0 /* CC AssesmentTests.xctest */ = {isa = PBXFileReference; explicitFileType = wrapper.cfbundle; includeInIndex = 0; path = "CC AssesmentTests.xctest"; sourceTree = BUILT_PRODUCTS_DIR; };
		1ABAF6EE2385C96B003162A0 /* CC_AssesmentTests.swift */ = {isa = PBXFileReference; lastKnownFileType = sourcecode.swift; path = CC_AssesmentTests.swift; sourceTree = "<group>"; };
		1ABAF6F02385C96B003162A0 /* Info.plist */ = {isa = PBXFileReference; lastKnownFileType = text.plist.xml; path = Info.plist; sourceTree = "<group>"; };
		1ABAF7052385CD3E003162A0 /* WeatherViewController.swift */ = {isa = PBXFileReference; lastKnownFileType = sourcecode.swift; path = WeatherViewController.swift; sourceTree = "<group>"; };
		1ABAF7072385CD4E003162A0 /* ResturantViewController.swift */ = {isa = PBXFileReference; lastKnownFileType = sourcecode.swift; path = ResturantViewController.swift; sourceTree = "<group>"; };
		1ABAF70B2385D024003162A0 /* WeatherViewModel.swift */ = {isa = PBXFileReference; lastKnownFileType = sourcecode.swift; path = WeatherViewModel.swift; sourceTree = "<group>"; };
		1ABAF70D2385D02F003162A0 /* WeatherService.swift */ = {isa = PBXFileReference; lastKnownFileType = sourcecode.swift; path = WeatherService.swift; sourceTree = "<group>"; };
		1ABAF70F2385D03F003162A0 /* WeatherBuilder.swift */ = {isa = PBXFileReference; lastKnownFileType = sourcecode.swift; path = WeatherBuilder.swift; sourceTree = "<group>"; };
		1ABAF7112385D051003162A0 /* ResturantBuilder.swift */ = {isa = PBXFileReference; lastKnownFileType = sourcecode.swift; path = ResturantBuilder.swift; sourceTree = "<group>"; };
		1ABAF7132385D05E003162A0 /* ResturantService.swift */ = {isa = PBXFileReference; lastKnownFileType = sourcecode.swift; path = ResturantService.swift; sourceTree = "<group>"; };
		1ABAF7152385D06E003162A0 /* ResturantViewModel.swift */ = {isa = PBXFileReference; lastKnownFileType = sourcecode.swift; path = ResturantViewModel.swift; sourceTree = "<group>"; };
		1ABAF7172385D086003162A0 /* ApiClient.swift */ = {isa = PBXFileReference; lastKnownFileType = sourcecode.swift; path = ApiClient.swift; sourceTree = "<group>"; };
		1ABAF7192385D095003162A0 /* RequestBuilder.swift */ = {isa = PBXFileReference; lastKnownFileType = sourcecode.swift; path = RequestBuilder.swift; sourceTree = "<group>"; };
		1ABAF71C2385D1B4003162A0 /* ApiConstants.swift */ = {isa = PBXFileReference; lastKnownFileType = sourcecode.swift; path = ApiConstants.swift; sourceTree = "<group>"; };
		1ABAF71E2385D2F3003162A0 /* WeatherRoute.swift */ = {isa = PBXFileReference; lastKnownFileType = sourcecode.swift; path = WeatherRoute.swift; sourceTree = "<group>"; };
		1ABAF7202385D303003162A0 /* ResturantRoute.swift */ = {isa = PBXFileReference; lastKnownFileType = sourcecode.swift; path = ResturantRoute.swift; sourceTree = "<group>"; };
		1ABAF7D12386F999003162A0 /* ResturantDTO.swift */ = {isa = PBXFileReference; lastKnownFileType = sourcecode.swift; path = ResturantDTO.swift; sourceTree = "<group>"; };
		1ABAF7D423871C32003162A0 /* ResturantTableViewCell.swift */ = {isa = PBXFileReference; lastKnownFileType = sourcecode.swift; path = ResturantTableViewCell.swift; sourceTree = "<group>"; };
		1ABAF7D6238728F0003162A0 /* ResturantCellViewModel.swift */ = {isa = PBXFileReference; lastKnownFileType = sourcecode.swift; path = ResturantCellViewModel.swift; sourceTree = "<group>"; };
		2ADFD4669DA66255863AFD30 /* Pods-CC Assesment.debug.xcconfig */ = {isa = PBXFileReference; includeInIndex = 1; lastKnownFileType = text.xcconfig; name = "Pods-CC Assesment.debug.xcconfig"; path = "Target Support Files/Pods-CC Assesment/Pods-CC Assesment.debug.xcconfig"; sourceTree = "<group>"; };
		CC3FBCCAFBD7997522E5535D /* Pods_CC_Assesment.framework */ = {isa = PBXFileReference; explicitFileType = wrapper.framework; includeInIndex = 0; path = Pods_CC_Assesment.framework; sourceTree = BUILT_PRODUCTS_DIR; };
		D2A1002EAB8E7986BECEB1F7 /* Pods-CC Assesment.release.xcconfig */ = {isa = PBXFileReference; includeInIndex = 1; lastKnownFileType = text.xcconfig; name = "Pods-CC Assesment.release.xcconfig"; path = "Target Support Files/Pods-CC Assesment/Pods-CC Assesment.release.xcconfig"; sourceTree = "<group>"; };
/* End PBXFileReference section */

/* Begin PBXFrameworksBuildPhase section */
		1ABAF6D12385C96A003162A0 /* Frameworks */ = {
			isa = PBXFrameworksBuildPhase;
			buildActionMask = 2147483647;
			files = (
				2B313501536FA6E058A9AEB5 /* Pods_CC_Assesment.framework in Frameworks */,
			);
			runOnlyForDeploymentPostprocessing = 0;
		};
		1ABAF6E72385C96B003162A0 /* Frameworks */ = {
			isa = PBXFrameworksBuildPhase;
			buildActionMask = 2147483647;
			files = (
			);
			runOnlyForDeploymentPostprocessing = 0;
		};
/* End PBXFrameworksBuildPhase section */

/* Begin PBXGroup section */
		1ABAF6CB2385C96A003162A0 = {
			isa = PBXGroup;
			children = (
				1ABAF6D62385C96A003162A0 /* CC Assesment */,
				1ABAF6ED2385C96B003162A0 /* CC AssesmentTests */,
				1ABAF6D52385C96A003162A0 /* Products */,
				6C7EFCA2B641D422A06F6945 /* Pods */,
				B70D55CDDF7770A73D0E81AC /* Frameworks */,
			);
			sourceTree = "<group>";
		};
		1ABAF6D52385C96A003162A0 /* Products */ = {
			isa = PBXGroup;
			children = (
				1ABAF6D42385C96A003162A0 /* CC Assesment.app */,
				1ABAF6EA2385C96B003162A0 /* CC AssesmentTests.xctest */,
			);
			name = Products;
			sourceTree = "<group>";
		};
		1ABAF6D62385C96A003162A0 /* CC Assesment */ = {
			isa = PBXGroup;
			children = (
				1ABAF71B2385D19E003162A0 /* Constants */,
				1ABAF70A2385CDAB003162A0 /* NetworkManager */,
				1ABAF7092385CD62003162A0 /* Supporting files */,
				1ABAF6FA2385CB95003162A0 /* ViewController Scenes */,
				1ABAF6F92385CB8B003162A0 /* Models */,
				1ABAF6E52385C96B003162A0 /* Info.plist */,
				1ABAF6D72385C96A003162A0 /* AppDelegate.swift */,
				1ABAF6D92385C96A003162A0 /* SceneDelegate.swift */,
				1ABAF6DD2385C96A003162A0 /* Main.storyboard */,
				1ABAF6E22385C96B003162A0 /* LaunchScreen.storyboard */,
			);
			path = "CC Assesment";
			sourceTree = "<group>";
		};
		1ABAF6ED2385C96B003162A0 /* CC AssesmentTests */ = {
			isa = PBXGroup;
			children = (
				1ABAF6EE2385C96B003162A0 /* CC_AssesmentTests.swift */,
				1ABAF6F02385C96B003162A0 /* Info.plist */,
			);
			path = "CC AssesmentTests";
			sourceTree = "<group>";
		};
		1ABAF6F92385CB8B003162A0 /* Models */ = {
			isa = PBXGroup;
			children = (
				1ABAF7D12386F999003162A0 /* ResturantDTO.swift */,
			);
			path = Models;
			sourceTree = "<group>";
		};
		1ABAF6FA2385CB95003162A0 /* ViewController Scenes */ = {
			isa = PBXGroup;
			children = (
				1ABAF6FC2385CBDB003162A0 /* Weather */,
				1ABAF6FB2385CBC3003162A0 /* Resturant */,
			);
			path = "ViewController Scenes";
			sourceTree = "<group>";
		};
		1ABAF6FB2385CBC3003162A0 /* Resturant */ = {
			isa = PBXGroup;
			children = (
				1ABAF7002385CCF3003162A0 /* Builder */,
				1ABAF6FF2385CCED003162A0 /* Service */,
				1ABAF6FE2385CCE1003162A0 /* ViewModel */,
				1ABAF6FD2385CCDB003162A0 /* View */,
			);
			path = Resturant;
			sourceTree = "<group>";
		};
		1ABAF6FC2385CBDB003162A0 /* Weather */ = {
			isa = PBXGroup;
			children = (
				1ABAF7042385CD20003162A0 /* View */,
				1ABAF7032385CD1B003162A0 /* ViewModel */,
				1ABAF7022385CD13003162A0 /* Service */,
				1ABAF7012385CD07003162A0 /* Builder */,
			);
			path = Weather;
			sourceTree = "<group>";
		};
		1ABAF6FD2385CCDB003162A0 /* View */ = {
			isa = PBXGroup;
			children = (
				1ABAF7D323871C02003162A0 /* Cell */,
				1ABAF7072385CD4E003162A0 /* ResturantViewController.swift */,
			);
			path = View;
			sourceTree = "<group>";
		};
		1ABAF6FE2385CCE1003162A0 /* ViewModel */ = {
			isa = PBXGroup;
			children = (
				1ABAF7152385D06E003162A0 /* ResturantViewModel.swift */,
			);
			path = ViewModel;
			sourceTree = "<group>";
		};
		1ABAF6FF2385CCED003162A0 /* Service */ = {
			isa = PBXGroup;
			children = (
				1ABAF7132385D05E003162A0 /* ResturantService.swift */,
			);
			path = Service;
			sourceTree = "<group>";
		};
		1ABAF7002385CCF3003162A0 /* Builder */ = {
			isa = PBXGroup;
			children = (
				1ABAF7112385D051003162A0 /* ResturantBuilder.swift */,
			);
			path = Builder;
			sourceTree = "<group>";
		};
		1ABAF7012385CD07003162A0 /* Builder */ = {
			isa = PBXGroup;
			children = (
				1ABAF70F2385D03F003162A0 /* WeatherBuilder.swift */,
			);
			path = Builder;
			sourceTree = "<group>";
		};
		1ABAF7022385CD13003162A0 /* Service */ = {
			isa = PBXGroup;
			children = (
				1ABAF70D2385D02F003162A0 /* WeatherService.swift */,
			);
			path = Service;
			sourceTree = "<group>";
		};
		1ABAF7032385CD1B003162A0 /* ViewModel */ = {
			isa = PBXGroup;
			children = (
				1ABAF70B2385D024003162A0 /* WeatherViewModel.swift */,
			);
			path = ViewModel;
			sourceTree = "<group>";
		};
		1ABAF7042385CD20003162A0 /* View */ = {
			isa = PBXGroup;
			children = (
				1ABAF7052385CD3E003162A0 /* WeatherViewController.swift */,
			);
			path = View;
			sourceTree = "<group>";
		};
		1ABAF7092385CD62003162A0 /* Supporting files */ = {
			isa = PBXGroup;
			children = (
				1ABAF6E02385C96B003162A0 /* Assets.xcassets */,
			);
			path = "Supporting files";
			sourceTree = "<group>";
		};
		1ABAF70A2385CDAB003162A0 /* NetworkManager */ = {
			isa = PBXGroup;
			children = (
				1ABAF7172385D086003162A0 /* ApiClient.swift */,
				1ABAF7192385D095003162A0 /* RequestBuilder.swift */,
				1ABAF71E2385D2F3003162A0 /* WeatherRoute.swift */,
				1ABAF7202385D303003162A0 /* ResturantRoute.swift */,
			);
			path = NetworkManager;
			sourceTree = "<group>";
		};
		1ABAF71B2385D19E003162A0 /* Constants */ = {
			isa = PBXGroup;
			children = (
				1ABAF71C2385D1B4003162A0 /* ApiConstants.swift */,
			);
			path = Constants;
			sourceTree = "<group>";
		};
		1ABAF7D323871C02003162A0 /* Cell */ = {
			isa = PBXGroup;
			children = (
				1ABAF7D423871C32003162A0 /* ResturantTableViewCell.swift */,
				1ABAF7D6238728F0003162A0 /* ResturantCellViewModel.swift */,
			);
			path = Cell;
			sourceTree = "<group>";
		};
		6C7EFCA2B641D422A06F6945 /* Pods */ = {
			isa = PBXGroup;
			children = (
				2ADFD4669DA66255863AFD30 /* Pods-CC Assesment.debug.xcconfig */,
				D2A1002EAB8E7986BECEB1F7 /* Pods-CC Assesment.release.xcconfig */,
			);
			path = Pods;
			sourceTree = "<group>";
		};
		B70D55CDDF7770A73D0E81AC /* Frameworks */ = {
			isa = PBXGroup;
			children = (
				CC3FBCCAFBD7997522E5535D /* Pods_CC_Assesment.framework */,
			);
			name = Frameworks;
			sourceTree = "<group>";
		};
/* End PBXGroup section */

/* Begin PBXNativeTarget section */
		1ABAF6D32385C96A003162A0 /* CC Assesment */ = {
			isa = PBXNativeTarget;
			buildConfigurationList = 1ABAF6F32385C96B003162A0 /* Build configuration list for PBXNativeTarget "CC Assesment" */;
			buildPhases = (
				3A6881017917BE41B50AA8BE /* [CP] Check Pods Manifest.lock */,
				1ABAF6D02385C96A003162A0 /* Sources */,
				1ABAF6D12385C96A003162A0 /* Frameworks */,
				1ABAF6D22385C96A003162A0 /* Resources */,
				926019ED7E1652164CED5D99 /* [CP] Embed Pods Frameworks */,
			);
			buildRules = (
			);
			dependencies = (
			);
			name = "CC Assesment";
			productName = "CC Assesment";
			productReference = 1ABAF6D42385C96A003162A0 /* CC Assesment.app */;
			productType = "com.apple.product-type.application";
		};
		1ABAF6E92385C96B003162A0 /* CC AssesmentTests */ = {
			isa = PBXNativeTarget;
			buildConfigurationList = 1ABAF6F62385C96B003162A0 /* Build configuration list for PBXNativeTarget "CC AssesmentTests" */;
			buildPhases = (
				1ABAF6E62385C96B003162A0 /* Sources */,
				1ABAF6E72385C96B003162A0 /* Frameworks */,
				1ABAF6E82385C96B003162A0 /* Resources */,
			);
			buildRules = (
			);
			dependencies = (
				1ABAF6EC2385C96B003162A0 /* PBXTargetDependency */,
			);
			name = "CC AssesmentTests";
			productName = "CC AssesmentTests";
			productReference = 1ABAF6EA2385C96B003162A0 /* CC AssesmentTests.xctest */;
			productType = "com.apple.product-type.bundle.unit-test";
		};
/* End PBXNativeTarget section */

/* Begin PBXProject section */
		1ABAF6CC2385C96A003162A0 /* Project object */ = {
			isa = PBXProject;
			attributes = {
				LastSwiftUpdateCheck = 1120;
				LastUpgradeCheck = 1120;
				ORGANIZATIONNAME = "Usama Naseer";
				TargetAttributes = {
					1ABAF6D32385C96A003162A0 = {
						CreatedOnToolsVersion = 11.2.1;
					};
					1ABAF6E92385C96B003162A0 = {
						CreatedOnToolsVersion = 11.2.1;
						TestTargetID = 1ABAF6D32385C96A003162A0;
					};
				};
			};
			buildConfigurationList = 1ABAF6CF2385C96A003162A0 /* Build configuration list for PBXProject "CC Assesment" */;
			compatibilityVersion = "Xcode 9.3";
			developmentRegion = en;
			hasScannedForEncodings = 0;
			knownRegions = (
				en,
				Base,
			);
			mainGroup = 1ABAF6CB2385C96A003162A0;
			productRefGroup = 1ABAF6D52385C96A003162A0 /* Products */;
			projectDirPath = "";
			projectRoot = "";
			targets = (
				1ABAF6D32385C96A003162A0 /* CC Assesment */,
				1ABAF6E92385C96B003162A0 /* CC AssesmentTests */,
			);
		};
/* End PBXProject section */

/* Begin PBXResourcesBuildPhase section */
		1ABAF6D22385C96A003162A0 /* Resources */ = {
			isa = PBXResourcesBuildPhase;
			buildActionMask = 2147483647;
			files = (
				1ABAF6E42385C96B003162A0 /* LaunchScreen.storyboard in Resources */,
				1ABAF6E12385C96B003162A0 /* Assets.xcassets in Resources */,
				1ABAF6DF2385C96A003162A0 /* Main.storyboard in Resources */,
			);
			runOnlyForDeploymentPostprocessing = 0;
		};
		1ABAF6E82385C96B003162A0 /* Resources */ = {
			isa = PBXResourcesBuildPhase;
			buildActionMask = 2147483647;
			files = (
			);
			runOnlyForDeploymentPostprocessing = 0;
		};
/* End PBXResourcesBuildPhase section */

/* Begin PBXShellScriptBuildPhase section */
		3A6881017917BE41B50AA8BE /* [CP] Check Pods Manifest.lock */ = {
			isa = PBXShellScriptBuildPhase;
			buildActionMask = 2147483647;
			files = (
			);
			inputFileListPaths = (
			);
			inputPaths = (
				"${PODS_PODFILE_DIR_PATH}/Podfile.lock",
				"${PODS_ROOT}/Manifest.lock",
			);
			name = "[CP] Check Pods Manifest.lock";
			outputFileListPaths = (
			);
			outputPaths = (
				"$(DERIVED_FILE_DIR)/Pods-CC Assesment-checkManifestLockResult.txt",
			);
			runOnlyForDeploymentPostprocessing = 0;
			shellPath = /bin/sh;
			shellScript = "diff \"${PODS_PODFILE_DIR_PATH}/Podfile.lock\" \"${PODS_ROOT}/Manifest.lock\" > /dev/null\nif [ $? != 0 ] ; then\n    # print error to STDERR\n    echo \"error: The sandbox is not in sync with the Podfile.lock. Run 'pod install' or update your CocoaPods installation.\" >&2\n    exit 1\nfi\n# This output is used by Xcode 'outputs' to avoid re-running this script phase.\necho \"SUCCESS\" > \"${SCRIPT_OUTPUT_FILE_0}\"\n";
			showEnvVarsInLog = 0;
		};
		926019ED7E1652164CED5D99 /* [CP] Embed Pods Frameworks */ = {
			isa = PBXShellScriptBuildPhase;
			buildActionMask = 2147483647;
			files = (
			);
			inputFileListPaths = (
				"${PODS_ROOT}/Target Support Files/Pods-CC Assesment/Pods-CC Assesment-frameworks-${CONFIGURATION}-input-files.xcfilelist",
			);
			name = "[CP] Embed Pods Frameworks";
			outputFileListPaths = (
				"${PODS_ROOT}/Target Support Files/Pods-CC Assesment/Pods-CC Assesment-frameworks-${CONFIGURATION}-output-files.xcfilelist",
			);
			runOnlyForDeploymentPostprocessing = 0;
			shellPath = /bin/sh;
			shellScript = "\"${PODS_ROOT}/Target Support Files/Pods-CC Assesment/Pods-CC Assesment-frameworks.sh\"\n";
			showEnvVarsInLog = 0;
		};
/* End PBXShellScriptBuildPhase section */

/* Begin PBXSourcesBuildPhase section */
		1ABAF6D02385C96A003162A0 /* Sources */ = {
			isa = PBXSourcesBuildPhase;
			buildActionMask = 2147483647;
			files = (
				1ABAF7182385D086003162A0 /* ApiClient.swift in Sources */,
				1ABAF71D2385D1B4003162A0 /* ApiConstants.swift in Sources */,
				1ABAF7122385D051003162A0 /* ResturantBuilder.swift in Sources */,
				1ABAF70C2385D024003162A0 /* WeatherViewModel.swift in Sources */,
				1ABAF7D523871C32003162A0 /* ResturantTableViewCell.swift in Sources */,
				1ABAF71A2385D095003162A0 /* RequestBuilder.swift in Sources */,
				1ABAF6D82385C96A003162A0 /* AppDelegate.swift in Sources */,
				1ABAF71F2385D2F3003162A0 /* WeatherRoute.swift in Sources */,
				1ABAF7062385CD3E003162A0 /* WeatherViewController.swift in Sources */,
				1ABAF6DA2385C96A003162A0 /* SceneDelegate.swift in Sources */,
				1ABAF70E2385D02F003162A0 /* WeatherService.swift in Sources */,
				1ABAF7D7238728F0003162A0 /* ResturantCellViewModel.swift in Sources */,
				1ABAF7142385D05E003162A0 /* ResturantService.swift in Sources */,
				1ABAF7212385D303003162A0 /* ResturantRoute.swift in Sources */,
				1ABAF7D22386F999003162A0 /* ResturantDTO.swift in Sources */,
				1ABAF7162385D06E003162A0 /* ResturantViewModel.swift in Sources */,
				1ABAF7082385CD4E003162A0 /* ResturantViewController.swift in Sources */,
				1ABAF7102385D03F003162A0 /* WeatherBuilder.swift in Sources */,
			);
			runOnlyForDeploymentPostprocessing = 0;
		};
		1ABAF6E62385C96B003162A0 /* Sources */ = {
			isa = PBXSourcesBuildPhase;
			buildActionMask = 2147483647;
			files = (
				1ABAF6EF2385C96B003162A0 /* CC_AssesmentTests.swift in Sources */,
			);
			runOnlyForDeploymentPostprocessing = 0;
		};
/* End PBXSourcesBuildPhase section */

/* Begin PBXTargetDependency section */
		1ABAF6EC2385C96B003162A0 /* PBXTargetDependency */ = {
			isa = PBXTargetDependency;
			target = 1ABAF6D32385C96A003162A0 /* CC Assesment */;
			targetProxy = 1ABAF6EB2385C96B003162A0 /* PBXContainerItemProxy */;
		};
/* End PBXTargetDependency section */

/* Begin PBXVariantGroup section */
		1ABAF6DD2385C96A003162A0 /* Main.storyboard */ = {
			isa = PBXVariantGroup;
			children = (
				1ABAF6DE2385C96A003162A0 /* Base */,
			);
			name = Main.storyboard;
			sourceTree = "<group>";
		};
		1ABAF6E22385C96B003162A0 /* LaunchScreen.storyboard */ = {
			isa = PBXVariantGroup;
			children = (
				1ABAF6E32385C96B003162A0 /* Base */,
			);
			name = LaunchScreen.storyboard;
			sourceTree = "<group>";
		};
/* End PBXVariantGroup section */

/* Begin XCBuildConfiguration section */
		1ABAF6F12385C96B003162A0 /* Debug */ = {
			isa = XCBuildConfiguration;
			buildSettings = {
				ALWAYS_SEARCH_USER_PATHS = NO;
				CLANG_ANALYZER_NONNULL = YES;
				CLANG_ANALYZER_NUMBER_OBJECT_CONVERSION = YES_AGGRESSIVE;
				CLANG_CXX_LANGUAGE_STANDARD = "gnu++14";
				CLANG_CXX_LIBRARY = "libc++";
				CLANG_ENABLE_MODULES = YES;
				CLANG_ENABLE_OBJC_ARC = YES;
				CLANG_ENABLE_OBJC_WEAK = YES;
				CLANG_WARN_BLOCK_CAPTURE_AUTORELEASING = YES;
				CLANG_WARN_BOOL_CONVERSION = YES;
				CLANG_WARN_COMMA = YES;
				CLANG_WARN_CONSTANT_CONVERSION = YES;
				CLANG_WARN_DEPRECATED_OBJC_IMPLEMENTATIONS = YES;
				CLANG_WARN_DIRECT_OBJC_ISA_USAGE = YES_ERROR;
				CLANG_WARN_DOCUMENTATION_COMMENTS = YES;
				CLANG_WARN_EMPTY_BODY = YES;
				CLANG_WARN_ENUM_CONVERSION = YES;
				CLANG_WARN_INFINITE_RECURSION = YES;
				CLANG_WARN_INT_CONVERSION = YES;
				CLANG_WARN_NON_LITERAL_NULL_CONVERSION = YES;
				CLANG_WARN_OBJC_IMPLICIT_RETAIN_SELF = YES;
				CLANG_WARN_OBJC_LITERAL_CONVERSION = YES;
				CLANG_WARN_OBJC_ROOT_CLASS = YES_ERROR;
				CLANG_WARN_RANGE_LOOP_ANALYSIS = YES;
				CLANG_WARN_STRICT_PROTOTYPES = YES;
				CLANG_WARN_SUSPICIOUS_MOVE = YES;
				CLANG_WARN_UNGUARDED_AVAILABILITY = YES_AGGRESSIVE;
				CLANG_WARN_UNREACHABLE_CODE = YES;
				CLANG_WARN__DUPLICATE_METHOD_MATCH = YES;
				COPY_PHASE_STRIP = NO;
				DEBUG_INFORMATION_FORMAT = dwarf;
				ENABLE_STRICT_OBJC_MSGSEND = YES;
				ENABLE_TESTABILITY = YES;
				GCC_C_LANGUAGE_STANDARD = gnu11;
				GCC_DYNAMIC_NO_PIC = NO;
				GCC_NO_COMMON_BLOCKS = YES;
				GCC_OPTIMIZATION_LEVEL = 0;
				GCC_PREPROCESSOR_DEFINITIONS = (
					"DEBUG=1",
					"$(inherited)",
				);
				GCC_WARN_64_TO_32_BIT_CONVERSION = YES;
				GCC_WARN_ABOUT_RETURN_TYPE = YES_ERROR;
				GCC_WARN_UNDECLARED_SELECTOR = YES;
				GCC_WARN_UNINITIALIZED_AUTOS = YES_AGGRESSIVE;
				GCC_WARN_UNUSED_FUNCTION = YES;
				GCC_WARN_UNUSED_VARIABLE = YES;
				IPHONEOS_DEPLOYMENT_TARGET = 13.2;
				MTL_ENABLE_DEBUG_INFO = INCLUDE_SOURCE;
				MTL_FAST_MATH = YES;
				ONLY_ACTIVE_ARCH = YES;
				SDKROOT = iphoneos;
				SWIFT_ACTIVE_COMPILATION_CONDITIONS = DEBUG;
				SWIFT_OPTIMIZATION_LEVEL = "-Onone";
			};
			name = Debug;
		};
		1ABAF6F22385C96B003162A0 /* Release */ = {
			isa = XCBuildConfiguration;
			buildSettings = {
				ALWAYS_SEARCH_USER_PATHS = NO;
				CLANG_ANALYZER_NONNULL = YES;
				CLANG_ANALYZER_NUMBER_OBJECT_CONVERSION = YES_AGGRESSIVE;
				CLANG_CXX_LANGUAGE_STANDARD = "gnu++14";
				CLANG_CXX_LIBRARY = "libc++";
				CLANG_ENABLE_MODULES = YES;
				CLANG_ENABLE_OBJC_ARC = YES;
				CLANG_ENABLE_OBJC_WEAK = YES;
				CLANG_WARN_BLOCK_CAPTURE_AUTORELEASING = YES;
				CLANG_WARN_BOOL_CONVERSION = YES;
				CLANG_WARN_COMMA = YES;
				CLANG_WARN_CONSTANT_CONVERSION = YES;
				CLANG_WARN_DEPRECATED_OBJC_IMPLEMENTATIONS = YES;
				CLANG_WARN_DIRECT_OBJC_ISA_USAGE = YES_ERROR;
				CLANG_WARN_DOCUMENTATION_COMMENTS = YES;
				CLANG_WARN_EMPTY_BODY = YES;
				CLANG_WARN_ENUM_CONVERSION = YES;
				CLANG_WARN_INFINITE_RECURSION = YES;
				CLANG_WARN_INT_CONVERSION = YES;
				CLANG_WARN_NON_LITERAL_NULL_CONVERSION = YES;
				CLANG_WARN_OBJC_IMPLICIT_RETAIN_SELF = YES;
				CLANG_WARN_OBJC_LITERAL_CONVERSION = YES;
				CLANG_WARN_OBJC_ROOT_CLASS = YES_ERROR;
				CLANG_WARN_RANGE_LOOP_ANALYSIS = YES;
				CLANG_WARN_STRICT_PROTOTYPES = YES;
				CLANG_WARN_SUSPICIOUS_MOVE = YES;
				CLANG_WARN_UNGUARDED_AVAILABILITY = YES_AGGRESSIVE;
				CLANG_WARN_UNREACHABLE_CODE = YES;
				CLANG_WARN__DUPLICATE_METHOD_MATCH = YES;
				COPY_PHASE_STRIP = NO;
				DEBUG_INFORMATION_FORMAT = "dwarf-with-dsym";
				ENABLE_NS_ASSERTIONS = NO;
				ENABLE_STRICT_OBJC_MSGSEND = YES;
				GCC_C_LANGUAGE_STANDARD = gnu11;
				GCC_NO_COMMON_BLOCKS = YES;
				GCC_WARN_64_TO_32_BIT_CONVERSION = YES;
				GCC_WARN_ABOUT_RETURN_TYPE = YES_ERROR;
				GCC_WARN_UNDECLARED_SELECTOR = YES;
				GCC_WARN_UNINITIALIZED_AUTOS = YES_AGGRESSIVE;
				GCC_WARN_UNUSED_FUNCTION = YES;
				GCC_WARN_UNUSED_VARIABLE = YES;
				IPHONEOS_DEPLOYMENT_TARGET = 13.2;
				MTL_ENABLE_DEBUG_INFO = NO;
				MTL_FAST_MATH = YES;
				SDKROOT = iphoneos;
				SWIFT_COMPILATION_MODE = wholemodule;
				SWIFT_OPTIMIZATION_LEVEL = "-O";
				VALIDATE_PRODUCT = YES;
			};
			name = Release;
		};
		1ABAF6F42385C96B003162A0 /* Debug */ = {
			isa = XCBuildConfiguration;
			baseConfigurationReference = 2ADFD4669DA66255863AFD30 /* Pods-CC Assesment.debug.xcconfig */;
			buildSettings = {
				ASSETCATALOG_COMPILER_APPICON_NAME = AppIcon;
				CODE_SIGN_STYLE = Automatic;
				INFOPLIST_FILE = "CC Assesment/Info.plist";
				LD_RUNPATH_SEARCH_PATHS = (
					"$(inherited)",
					"@executable_path/Frameworks",
				);
				PRODUCT_BUNDLE_IDENTIFIER = "com.UsamaNaseer.CC-Assesment";
				PRODUCT_NAME = "$(TARGET_NAME)";
				SWIFT_VERSION = 5.0;
				TARGETED_DEVICE_FAMILY = "1,2";
			};
			name = Debug;
		};
		1ABAF6F52385C96B003162A0 /* Release */ = {
			isa = XCBuildConfiguration;
			baseConfigurationReference = D2A1002EAB8E7986BECEB1F7 /* Pods-CC Assesment.release.xcconfig */;
			buildSettings = {
				ASSETCATALOG_COMPILER_APPICON_NAME = AppIcon;
				CODE_SIGN_STYLE = Automatic;
				INFOPLIST_FILE = "CC Assesment/Info.plist";
				LD_RUNPATH_SEARCH_PATHS = (
					"$(inherited)",
					"@executable_path/Frameworks",
				);
				PRODUCT_BUNDLE_IDENTIFIER = "com.UsamaNaseer.CC-Assesment";
				PRODUCT_NAME = "$(TARGET_NAME)";
				SWIFT_VERSION = 5.0;
				TARGETED_DEVICE_FAMILY = "1,2";
			};
			name = Release;
		};
		1ABAF6F72385C96B003162A0 /* Debug */ = {
			isa = XCBuildConfiguration;
			buildSettings = {
				ALWAYS_EMBED_SWIFT_STANDARD_LIBRARIES = YES;
				BUNDLE_LOADER = "$(TEST_HOST)";
				CODE_SIGN_STYLE = Automatic;
				INFOPLIST_FILE = "CC AssesmentTests/Info.plist";
				IPHONEOS_DEPLOYMENT_TARGET = 13.2;
				LD_RUNPATH_SEARCH_PATHS = (
					"$(inherited)",
					"@executable_path/Frameworks",
					"@loader_path/Frameworks",
				);
				PRODUCT_BUNDLE_IDENTIFIER = "com.UsamaNaseer.CC-AssesmentTests";
				PRODUCT_NAME = "$(TARGET_NAME)";
				SWIFT_VERSION = 5.0;
				TARGETED_DEVICE_FAMILY = "1,2";
				TEST_HOST = "$(BUILT_PRODUCTS_DIR)/CC Assesment.app/CC Assesment";
			};
			name = Debug;
		};
		1ABAF6F82385C96B003162A0 /* Release */ = {
			isa = XCBuildConfiguration;
			buildSettings = {
				ALWAYS_EMBED_SWIFT_STANDARD_LIBRARIES = YES;
				BUNDLE_LOADER = "$(TEST_HOST)";
				CODE_SIGN_STYLE = Automatic;
				INFOPLIST_FILE = "CC AssesmentTests/Info.plist";
				IPHONEOS_DEPLOYMENT_TARGET = 13.2;
				LD_RUNPATH_SEARCH_PATHS = (
					"$(inherited)",
					"@executable_path/Frameworks",
					"@loader_path/Frameworks",
				);
				PRODUCT_BUNDLE_IDENTIFIER = "com.UsamaNaseer.CC-AssesmentTests";
				PRODUCT_NAME = "$(TARGET_NAME)";
				SWIFT_VERSION = 5.0;
				TARGETED_DEVICE_FAMILY = "1,2";
				TEST_HOST = "$(BUILT_PRODUCTS_DIR)/CC Assesment.app/CC Assesment";
			};
			name = Release;
		};
/* End XCBuildConfiguration section */

/* Begin XCConfigurationList section */
		1ABAF6CF2385C96A003162A0 /* Build configuration list for PBXProject "CC Assesment" */ = {
			isa = XCConfigurationList;
			buildConfigurations = (
				1ABAF6F12385C96B003162A0 /* Debug */,
				1ABAF6F22385C96B003162A0 /* Release */,
			);
			defaultConfigurationIsVisible = 0;
			defaultConfigurationName = Release;
		};
		1ABAF6F32385C96B003162A0 /* Build configuration list for PBXNativeTarget "CC Assesment" */ = {
			isa = XCConfigurationList;
			buildConfigurations = (
				1ABAF6F42385C96B003162A0 /* Debug */,
				1ABAF6F52385C96B003162A0 /* Release */,
			);
			defaultConfigurationIsVisible = 0;
			defaultConfigurationName = Release;
		};
		1ABAF6F62385C96B003162A0 /* Build configuration list for PBXNativeTarget "CC AssesmentTests" */ = {
			isa = XCConfigurationList;
			buildConfigurations = (
				1ABAF6F72385C96B003162A0 /* Debug */,
				1ABAF6F82385C96B003162A0 /* Release */,
			);
			defaultConfigurationIsVisible = 0;
			defaultConfigurationName = Release;
		};
/* End XCConfigurationList section */
	};
	rootObject = 1ABAF6CC2385C96A003162A0 /* Project object */;
}
